<?xml version="1.0" encoding="utf-8"?>
<Project ToolsVersion="4.0" xmlns="http://schemas.microsoft.com/developer/msbuild/2003">
  <ItemGroup>
    <Filter Include="Source Files">
      <UniqueIdentifier>{4FC737F1-C7A5-4376-A066-2A32D752A2FF}</UniqueIdentifier>
      <Extensions>cpp;c;cc;cxx;c++;cppm;ixx;def;odl;idl;hpj;bat;asm;asmx</Extensions>
    </Filter>
    <Filter Include="Header Files">
      <UniqueIdentifier>{93995380-89BD-4b04-88EB-625FBE52EBFB}</UniqueIdentifier>
      <Extensions>h;hh;hpp;hxx;h++;hm;inl;inc;ipp;xsd</Extensions>
    </Filter>
    <Filter Include="Resource Files">
      <UniqueIdentifier>{67DA6AB6-F800-4c08-8B7A-83BB121AAD01}</UniqueIdentifier>
      <Extensions>rc;ico;cur;bmp;dlg;rc2;rct;bin;rgs;gif;jpg;jpeg;jpe;resx;tiff;tif;png;wav;mfcribbon-ms</Extensions>
    </Filter>
    <Filter Include="Header Files\Events">
      <UniqueIdentifier>{df67b741-2479-460d-8e4e-068e64ca9f26}</UniqueIdentifier>
    </Filter>
    <Filter Include="Source Files\Events">
      <UniqueIdentifier>{cd9ca7be-37b2-491e-a2d6-70e3e38bbfd8}</UniqueIdentifier>
    </Filter>
  </ItemGroup>
  <ItemGroup>
    <ClInclude Include="Include\PrecompiledHeader.h">
      <Filter>Header Files</Filter>
    </ClInclude>
    <ClInclude Include="Include\Addresses.h">
      <Filter>Header Files</Filter>
    </ClInclude>
    <ClInclude Include="Include\Events\BGSEntryPoint.h">
      <Filter>Header Files\Events</Filter>
    </ClInclude>
    <ClInclude Include="Include\Events\BGSEntryPointPerkEntry.h">
      <Filter>Header Files\Events</Filter>
    </ClInclude>
    <ClInclude Include="Include\Events\ActiveEffect.h">
      <Filter>Header Files\Events</Filter>
    </ClInclude>
    <ClInclude Include="Include\Events\Script.h">
      <Filter>Header Files\Events</Filter>
    </ClInclude>
    <ClInclude Include="Include\Events\ActiveEffectFactory.h">
      <Filter>Header Files\Events</Filter>
    </ClInclude>
    <ClInclude Include="Include\Events\MagicSystem.h">
      <Filter>Header Files\Events</Filter>
    </ClInclude>
    <ClInclude Include="Include\Events\EffectItemReplaceTagsFunctor.h">
      <Filter>Header Files\Events</Filter>
    </ClInclude>
    <ClInclude Include="Include\Events\EnchantConstructMenu.h">
      <Filter>Header Files\Events</Filter>
    </ClInclude>
    <ClInclude Include="Include\Events\DualValueModifierEffect.h">
      <Filter>Header Files\Events</Filter>
    </ClInclude>
    <ClInclude Include="Include\Events\ScriptEffect.h">
      <Filter>Header Files\Events</Filter>
    </ClInclude>
    <ClInclude Include="Include\Events\SlowTimeEffect.h">
      <Filter>Header Files\Events</Filter>
    </ClInclude>
  </ItemGroup>
  <ItemGroup>
    <ClCompile Include="Source\ConditionsTargetMagicEffects.cpp">
      <Filter>Source Files</Filter>
    </ClCompile>
    <ClCompile Include="Source\PrecompiledHeader.cpp">
      <Filter>Source Files</Filter>
    </ClCompile>
    <ClCompile Include="Source\Events\BGSEntryPoint.cpp">
      <Filter>Source Files\Events</Filter>
    </ClCompile>
    <ClCompile Include="Source\Events\BGSEntryPointPerkEntry.cpp">
      <Filter>Source Files\Events</Filter>
    </ClCompile>
    <ClCompile Include="Source\Events\ActiveEffect.cpp">
      <Filter>Source Files\Events</Filter>
    </ClCompile>
    <ClCompile Include="Source\Events\Script.cpp">
      <Filter>Source Files\Events</Filter>
    </ClCompile>
    <ClCompile Include="Source\Events\ActiveEffectFactory.cpp">
      <Filter>Source Files\Events</Filter>
    </ClCompile>
    <ClCompile Include="Source\Events\MagicSystem.cpp">
      <Filter>Source Files\Events</Filter>
    </ClCompile>
    <ClCompile Include="Source\Events\EffectItemReplaceTagsFunctor.cpp">
      <Filter>Source Files\Events</Filter>
    </ClCompile>
    <ClCompile Include="Source\Events\EnchantConstructMenu.cpp">
      <Filter>Source Files\Events</Filter>
    </ClCompile>
    <ClCompile Include="Source\Events\DualValueModifierEffect.cpp">
      <Filter>Source Files\Events</Filter>
    </ClCompile>
    <ClCompile Include="Source\Events\ScriptEffect.cpp">
      <Filter>Source Files\Events</Filter>
    </ClCompile>
    <ClCompile Include="Source\Events\SlowTimeEffect.cpp">
      <Filter>Source Files\Events</Filter>
    </ClCompile>
  </ItemGroup>
</Project>