<?xml version="1.0" encoding="utf-8"?>
<Project ToolsVersion="4.0" xmlns="http://schemas.microsoft.com/developer/msbuild/2003">
  <ItemGroup>
    <Filter Include="Header Files">
      <UniqueIdentifier>{93995380-89BD-4b04-88EB-625FBE52EBFB}</UniqueIdentifier>
      <Extensions>h;hh;hpp;hxx;h++;hm;inl;inc;ipp;xsd</Extensions>
    </Filter>
    <Filter Include="Header Files\Fixes">
      <UniqueIdentifier>{cea40bdf-1381-4f8c-a6b0-d405893a2a29}</UniqueIdentifier>
    </Filter>
    <Filter Include="Resource Files">
      <UniqueIdentifier>{67DA6AB6-F800-4c08-8B7A-83BB121AAD01}</UniqueIdentifier>
      <Extensions>rc;ico;cur;bmp;dlg;rc2;rct;bin;rgs;gif;jpg;jpeg;jpe;resx;tiff;tif;png;wav;mfcribbon-ms</Extensions>
    </Filter>
    <Filter Include="Source Files">
      <UniqueIdentifier>{4FC737F1-C7A5-4376-A066-2A32D752A2FF}</UniqueIdentifier>
      <Extensions>cpp;c;cc;cxx;c++;cppm;ixx;def;odl;idl;hpj;bat;asm;asmx</Extensions>
    </Filter>
    <Filter Include="Source Files\Fixes">
      <UniqueIdentifier>{8486094a-2439-43db-a59f-ac813b6716d4}</UniqueIdentifier>
    </Filter>
  </ItemGroup>
  <ItemGroup>
    <ClInclude Include="Include\Addresses.h">
      <Filter>Header Files</Filter>
    </ClInclude>
    <ClInclude Include="Include\Fixes\MorphLimit.h">
      <Filter>Header Files\Fixes</Filter>
    </ClInclude>
    <ClInclude Include="Include\Fixes\MoverLimit.h">
      <Filter>Header Files\Fixes</Filter>
    </ClInclude>
    <ClInclude Include="Include\Fixes\ReplaceStaticArray.h">
      <Filter>Header Files\Fixes</Filter>
    </ClInclude>
    <ClInclude Include="Include\Patterns.h">
      <Filter>Header Files</Filter>
    </ClInclude>
    <ClInclude Include="Include\PrecompiledHeader.h">
      <Filter>Header Files</Filter>
    </ClInclude>
    <ClInclude Include="Include\Settings.h">
      <Filter>Header Files</Filter>
    </ClInclude>
  </ItemGroup>
  <ItemGroup>
    <ClCompile Include="Source\ActorLimitFix.cpp">
      <Filter>Source Files</Filter>
    </ClCompile>
    <ClCompile Include="Source\Fixes\MorphLimit.cpp">
      <Filter>Source Files\Fixes</Filter>
    </ClCompile>
    <ClCompile Include="Source\Fixes\MoverLimit.cpp">
      <Filter>Source Files\Fixes</Filter>
    </ClCompile>
    <ClCompile Include="Source\Fixes\ReplaceStaticArray.cpp">
      <Filter>Source Files\Fixes</Filter>
    </ClCompile>
    <ClCompile Include="Source\Patterns.cpp">
      <Filter>Source Files</Filter>
    </ClCompile>
    <ClCompile Include="Source\PrecompiledHeader.cpp">
      <Filter>Source Files</Filter>
    </ClCompile>
    <ClCompile Include="Source\Settings.cpp">
      <Filter>Source Files</Filter>
    </ClCompile>
  </ItemGroup>
</Project>