
Microsoft Visual Studio Solution File, Format Version 12.00
# Visual Studio Version 16
VisualStudioVersion = 16.0.32510.428
MinimumVisualStudioVersion = 10.0.40219.1
Project("{8BC9CEB8-8B4A-11D0-8D11-00A0C91BC942}") = "ActorBasePerkFix", "ActorBasePerkFix\ActorBasePerkFix.vcxproj", "{973E517D-6F92-4BEF-8CDC-3F0B61D451EA}"
	ProjectSection(ProjectDependencies) = postProject
		{EFC3AF1C-A311-4857-A75E-FAB2E3915F35} = {EFC3AF1C-A311-4857-A75E-FAB2E3915F35}
	EndProjectSection
EndProject
Project("{8BC9CEB8-8B4A-11D0-8D11-00A0C91BC942}") = "Shared", "..\Shared\Shared\Shared.vcxproj", "{EFC3AF1C-A311-4857-A75E-FAB2E3915F35}"
EndProject
Global
	GlobalSection(SolutionConfigurationPlatforms) = preSolution
		Debug|x64 = Debug|x64
		Debug|x86 = Debug|x86
		Release|x64 = Release|x64
		Release|x86 = Release|x86
	EndGlobalSection
	GlobalSection(ProjectConfigurationPlatforms) = postSolution
		{973E517D-6F92-4BEF-8CDC-3F0B61D451EA}.Debug|x64.ActiveCfg = Debug|x64
		{973E517D-6F92-4BEF-8CDC-3F0B61D451EA}.Debug|x64.Build.0 = Debug|x64
		{973E517D-6F92-4BEF-8CDC-3F0B61D451EA}.Debug|x86.ActiveCfg = Debug|Win32
		{973E517D-6F92-4BEF-8CDC-3F0B61D451EA}.Debug|x86.Build.0 = Debug|Win32
		{973E517D-6F92-4BEF-8CDC-3F0B61D451EA}.Release|x64.ActiveCfg = Release|x64
		{973E517D-6F92-4BEF-8CDC-3F0B61D451EA}.Release|x64.Build.0 = Release|x64
		{973E517D-6F92-4BEF-8CDC-3F0B61D451EA}.Release|x86.ActiveCfg = Release|Win32
		{973E517D-6F92-4BEF-8CDC-3F0B61D451EA}.Release|x86.Build.0 = Release|Win32
		{EFC3AF1C-A311-4857-A75E-FAB2E3915F35}.Debug|x64.ActiveCfg = Debug|x64
		{EFC3AF1C-A311-4857-A75E-FAB2E3915F35}.Debug|x64.Build.0 = Debug|x64
		{EFC3AF1C-A311-4857-A75E-FAB2E3915F35}.Debug|x86.ActiveCfg = Debug|Win32
		{EFC3AF1C-A311-4857-A75E-FAB2E3915F35}.Debug|x86.Build.0 = Debug|Win32
		{EFC3AF1C-A311-4857-A75E-FAB2E3915F35}.Release|x64.ActiveCfg = Release|x64
		{EFC3AF1C-A311-4857-A75E-FAB2E3915F35}.Release|x64.Build.0 = Release|x64
		{EFC3AF1C-A311-4857-A75E-FAB2E3915F35}.Release|x86.ActiveCfg = Release|Win32
		{EFC3AF1C-A311-4857-A75E-FAB2E3915F35}.Release|x86.Build.0 = Release|Win32
	EndGlobalSection
	GlobalSection(SolutionProperties) = preSolution
		HideSolutionNode = FALSE
	EndGlobalSection
	GlobalSection(ExtensibilityGlobals) = postSolution
		SolutionGuid = {AE2E0E2F-2B10-450B-864F-1A80AAEF56C0}
	EndGlobalSection
EndGlobal
