<?xml version="1.0" encoding="utf-8"?>
<Project ToolsVersion="4.0" xmlns="http://schemas.microsoft.com/developer/msbuild/2003">
  <ItemGroup>
    <Filter Include="Header Files">
      <UniqueIdentifier>{93995380-89BD-4b04-88EB-625FBE52EBFB}</UniqueIdentifier>
      <Extensions>h;hh;hpp;hxx;h++;hm;inl;inc;ipp;xsd</Extensions>
    </Filter>
    <Filter Include="Header Files\Fixes">
      <UniqueIdentifier>{018be7bf-f831-4e50-a319-fb6adc64ea63}</UniqueIdentifier>
    </Filter>
    <Filter Include="Header Files\Patches">
      <UniqueIdentifier>{6f0b7060-5f23-4516-b10b-0a92c1457f63}</UniqueIdentifier>
    </Filter>
    <Filter Include="Header Files\Patches\PerkEntryPoints">
      <UniqueIdentifier>{c42fc148-9dcd-466d-bcca-1cafbd9ce231}</UniqueIdentifier>
    </Filter>
    <Filter Include="Resource Files">
      <UniqueIdentifier>{67DA6AB6-F800-4c08-8B7A-83BB121AAD01}</UniqueIdentifier>
      <Extensions>rc;ico;cur;bmp;dlg;rc2;rct;bin;rgs;gif;jpg;jpeg;jpe;resx;tiff;tif;png;wav;mfcribbon-ms</Extensions>
    </Filter>
    <Filter Include="Source Files">
      <UniqueIdentifier>{4FC737F1-C7A5-4376-A066-2A32D752A2FF}</UniqueIdentifier>
      <Extensions>cpp;c;cc;cxx;c++;cppm;ixx;def;odl;idl;hpj;bat;asm;asmx</Extensions>
    </Filter>
    <Filter Include="Source Files\Fixes">
      <UniqueIdentifier>{837f4e21-ab60-43d6-9126-cf7329b42feb}</UniqueIdentifier>
    </Filter>
    <Filter Include="Source Files\Patches">
      <UniqueIdentifier>{6143fa48-8744-4a12-aa1b-34f1ffc9c220}</UniqueIdentifier>
    </Filter>
    <Filter Include="Source Files\Patches\PerkEntryPoints">
      <UniqueIdentifier>{18d8c890-12c8-433e-ad43-bfde6f81be6f}</UniqueIdentifier>
    </Filter>
  </ItemGroup>
  <ItemGroup>
    <ClInclude Include="Include\Addresses.h">
      <Filter>Header Files</Filter>
    </ClInclude>
    <ClInclude Include="Include\Fixes\ActivateFurniture.h">
      <Filter>Header Files\Fixes</Filter>
    </ClInclude>
    <ClInclude Include="Include\Fixes\ActorValuePercentage.h">
      <Filter>Header Files\Fixes</Filter>
    </ClInclude>
    <ClInclude Include="Include\Fixes\EnchantmentCost.h">
      <Filter>Header Files\Fixes</Filter>
    </ClInclude>
    <ClInclude Include="Include\Fixes\HarvestedFlags.h">
      <Filter>Header Files\Fixes</Filter>
    </ClInclude>
    <ClInclude Include="Include\Fixes\HitEffectRaceCondition.h">
      <Filter>Header Files\Fixes</Filter>
    </ClInclude>
    <ClInclude Include="Include\Fixes\ImpactEffectCrash.h">
      <Filter>Header Files\Fixes</Filter>
    </ClInclude>
    <ClInclude Include="Include\Fixes\KillCamera.h">
      <Filter>Header Files\Fixes</Filter>
    </ClInclude>
    <ClInclude Include="Include\Fixes\LeftHandPowerAttacks.h">
      <Filter>Header Files\Fixes</Filter>
    </ClInclude>
    <ClInclude Include="Include\Fixes\MagicEffectFlags.h">
      <Filter>Header Files\Fixes</Filter>
    </ClInclude>
    <ClInclude Include="Include\Fixes\ModifyArmorWeightPerkEntryPoint.h">
      <Filter>Header Files\Fixes</Filter>
    </ClInclude>
    <ClInclude Include="Include\Fixes\QuickShot.h">
      <Filter>Header Files\Fixes</Filter>
    </ClInclude>
    <ClInclude Include="Include\Fixes\TerrainDecals.h">
      <Filter>Header Files\Fixes</Filter>
    </ClInclude>
    <ClInclude Include="Include\Fixes\TrainingMenu.h">
      <Filter>Header Files\Fixes</Filter>
    </ClInclude>
    <ClInclude Include="Include\Fixes\WeaponCharge.h">
      <Filter>Header Files\Fixes</Filter>
    </ClInclude>
    <ClInclude Include="Include\Patches\AccumulatingMagnitude.h">
      <Filter>Header Files\Patches</Filter>
    </ClInclude>
    <ClInclude Include="Include\Patches\AlreadyCaughtPickpocketing.h">
      <Filter>Header Files\Patches</Filter>
    </ClInclude>
    <ClInclude Include="Include\Patches\AttachHitEffectArt.h">
      <Filter>Header Files\Patches</Filter>
    </ClInclude>
    <ClInclude Include="Include\Patches\CloakHitEffects.h">
      <Filter>Header Files\Patches</Filter>
    </ClInclude>
    <ClInclude Include="Include\Patches\EquipBestAmmunition.h">
      <Filter>Header Files\Patches</Filter>
    </ClInclude>
    <ClInclude Include="Include\Patches\ImproveMultipleEnchantmentEffects.h">
      <Filter>Header Files\Patches</Filter>
    </ClInclude>
    <ClInclude Include="Include\Patches\LeveledCharacters.h">
      <Filter>Header Files\Patches</Filter>
    </ClInclude>
    <ClInclude Include="Include\Patches\LockpickingExperience.h">
      <Filter>Header Files\Patches</Filter>
    </ClInclude>
    <ClInclude Include="Include\Patches\PausedGameHitEffects.h">
      <Filter>Header Files\Patches</Filter>
    </ClInclude>
    <ClInclude Include="Include\Patches\PerkEntryPoints\ApplyMultipleSpells.h">
      <Filter>Header Files\Patches\PerkEntryPoints</Filter>
    </ClInclude>
    <ClInclude Include="Include\Patches\PerkEntryPoints\CastSpells.h">
      <Filter>Header Files\Patches\PerkEntryPoints</Filter>
    </ClInclude>
    <ClInclude Include="Include\Patches\PoisonResistance.h">
      <Filter>Header Files\Patches</Filter>
    </ClInclude>
    <ClInclude Include="Include\Patches\PowerAttackStamina.h">
      <Filter>Header Files\Patches</Filter>
    </ClInclude>
    <ClInclude Include="Include\Patches\ReflectDamage.h">
      <Filter>Header Files\Patches</Filter>
    </ClInclude>
    <ClInclude Include="Include\Patches\ScrollExperience.h">
      <Filter>Header Files\Patches</Filter>
    </ClInclude>
    <ClInclude Include="Include\Patches\SoulGems.h">
      <Filter>Header Files\Patches</Filter>
    </ClInclude>
    <ClInclude Include="Include\Patches\StaffExperience.h">
      <Filter>Header Files\Patches</Filter>
    </ClInclude>
    <ClInclude Include="Include\Patches\SteepSlopes.h">
      <Filter>Header Files\Patches</Filter>
    </ClInclude>
    <ClInclude Include="Include\Patterns.h">
      <Filter>Header Files</Filter>
    </ClInclude>
    <ClInclude Include="Include\PrecompiledHeader.h">
      <Filter>Header Files</Filter>
    </ClInclude>
    <ClInclude Include="Include\Serialization.h">
      <Filter>Header Files</Filter>
    </ClInclude>
    <ClInclude Include="Include\Settings.h">
      <Filter>Header Files</Filter>
    </ClInclude>
    <ClInclude Include="Include\Fixes\PowerCooldowns.h">
      <Filter>Header Files\Fixes</Filter>
    </ClInclude>
    <ClInclude Include="Include\Patches\DifficultyMultipliers.h">
      <Filter>Header Files\Patches</Filter>
    </ClInclude>
    <ClInclude Include="Include\Fixes\ProjectileFadeDuration.h">
      <Filter>Header Files\Fixes</Filter>
    </ClInclude>
    <ClInclude Include="Include\Fixes\IsCurrentSpell.h">
      <Filter>Header Files\Fixes</Filter>
    </ClInclude>
  </ItemGroup>
  <ItemGroup>
    <ClCompile Include="Source\Fixes\ActivateFurniture.cpp">
      <Filter>Source Files\Fixes</Filter>
    </ClCompile>
    <ClCompile Include="Source\Fixes\ActorValuePercentage.cpp">
      <Filter>Source Files\Fixes</Filter>
    </ClCompile>
    <ClCompile Include="Source\Fixes\EnchantmentCost.cpp">
      <Filter>Source Files\Fixes</Filter>
    </ClCompile>
    <ClCompile Include="Source\Fixes\HarvestedFlags.cpp">
      <Filter>Source Files\Fixes</Filter>
    </ClCompile>
    <ClCompile Include="Source\Fixes\HitEffectRaceCondition.cpp">
      <Filter>Source Files\Fixes</Filter>
    </ClCompile>
    <ClCompile Include="Source\Fixes\ImpactEffectCrash.cpp">
      <Filter>Source Files\Fixes</Filter>
    </ClCompile>
    <ClCompile Include="Source\Fixes\KillCamera.cpp">
      <Filter>Source Files\Fixes</Filter>
    </ClCompile>
    <ClCompile Include="Source\Fixes\LeftHandPowerAttacks.cpp">
      <Filter>Source Files\Fixes</Filter>
    </ClCompile>
    <ClCompile Include="Source\Fixes\MagicEffectFlags.cpp">
      <Filter>Source Files\Fixes</Filter>
    </ClCompile>
    <ClCompile Include="Source\Fixes\ModifyArmorWeightPerkEntryPoint.cpp">
      <Filter>Source Files\Fixes</Filter>
    </ClCompile>
    <ClCompile Include="Source\Fixes\QuickShot.cpp">
      <Filter>Source Files\Fixes</Filter>
    </ClCompile>
    <ClCompile Include="Source\Fixes\TerrainDecals.cpp">
      <Filter>Source Files\Fixes</Filter>
    </ClCompile>
    <ClCompile Include="Source\Fixes\TrainingMenu.cpp">
      <Filter>Source Files\Fixes</Filter>
    </ClCompile>
    <ClCompile Include="Source\Fixes\WeaponCharge.cpp">
      <Filter>Source Files\Fixes</Filter>
    </ClCompile>
    <ClCompile Include="Source\Patches\AccumulatingMagnitude.cpp">
      <Filter>Source Files\Patches</Filter>
    </ClCompile>
    <ClCompile Include="Source\Patches\AlreadyCaughtPickpocketing.cpp">
      <Filter>Source Files\Patches</Filter>
    </ClCompile>
    <ClCompile Include="Source\Patches\AttachHitEffectArt.cpp">
      <Filter>Source Files\Patches</Filter>
    </ClCompile>
    <ClCompile Include="Source\Patches\CloakHitEffects.cpp">
      <Filter>Source Files\Patches</Filter>
    </ClCompile>
    <ClCompile Include="Source\Patches\EquipBestAmmunition.cpp">
      <Filter>Source Files\Patches</Filter>
    </ClCompile>
    <ClCompile Include="Source\Patches\ImproveMultipleEnchantmentEffects.cpp">
      <Filter>Source Files\Patches</Filter>
    </ClCompile>
    <ClCompile Include="Source\Patches\LeveledCharacters.cpp">
      <Filter>Source Files\Patches</Filter>
    </ClCompile>
    <ClCompile Include="Source\Patches\LockpickingExperience.cpp">
      <Filter>Source Files\Patches</Filter>
    </ClCompile>
    <ClCompile Include="Source\Patches\PausedGameHitEffects.cpp">
      <Filter>Source Files\Patches</Filter>
    </ClCompile>
    <ClCompile Include="Source\Patches\PerkEntryPoints\ApplyMultipleSpells.cpp">
      <Filter>Source Files\Patches\PerkEntryPoints</Filter>
    </ClCompile>
    <ClCompile Include="Source\Patches\PerkEntryPoints\CastSpells.cpp">
      <Filter>Source Files\Patches\PerkEntryPoints</Filter>
    </ClCompile>
    <ClCompile Include="Source\Patches\PoisonResistance.cpp">
      <Filter>Source Files\Patches</Filter>
    </ClCompile>
    <ClCompile Include="Source\Patches\PowerAttackStamina.cpp">
      <Filter>Source Files\Patches</Filter>
    </ClCompile>
    <ClCompile Include="Source\Patches\ReflectDamage.cpp">
      <Filter>Source Files\Patches</Filter>
    </ClCompile>
    <ClCompile Include="Source\Patches\ScrollExperience.cpp">
      <Filter>Source Files\Patches</Filter>
    </ClCompile>
    <ClCompile Include="Source\Patches\SoulGems.cpp">
      <Filter>Source Files\Patches</Filter>
    </ClCompile>
    <ClCompile Include="Source\Patches\StaffExperience.cpp">
      <Filter>Source Files\Patches</Filter>
    </ClCompile>
    <ClCompile Include="Source\Patches\SteepSlopes.cpp">
      <Filter>Source Files\Patches</Filter>
    </ClCompile>
    <ClCompile Include="Source\Patterns.cpp">
      <Filter>Source Files</Filter>
    </ClCompile>
    <ClCompile Include="Source\PrecompiledHeader.cpp">
      <Filter>Source Files</Filter>
    </ClCompile>
    <ClCompile Include="Source\ScrambledBugs.cpp">
      <Filter>Source Files</Filter>
    </ClCompile>
    <ClCompile Include="Source\Serialization.cpp">
      <Filter>Source Files</Filter>
    </ClCompile>
    <ClCompile Include="Source\Settings.cpp">
      <Filter>Source Files</Filter>
    </ClCompile>
    <ClCompile Include="Source\Fixes\PowerCooldowns.cpp">
      <Filter>Source Files\Fixes</Filter>
    </ClCompile>
    <ClCompile Include="Source\Patches\DifficultyMultipliers.cpp">
      <Filter>Source Files\Patches</Filter>
    </ClCompile>
    <ClCompile Include="Source\Fixes\ProjectileFadeDuration.cpp">
      <Filter>Source Files\Fixes</Filter>
    </ClCompile>
    <ClCompile Include="Source\Fixes\IsCurrentSpell.cpp">
      <Filter>Source Files\Fixes</Filter>
    </ClCompile>
  </ItemGroup>
</Project>