<?xml version="1.0" encoding="utf-8"?>
<Project ToolsVersion="4.0" xmlns="http://schemas.microsoft.com/developer/msbuild/2003">
  <ItemGroup>
    <Filter Include="Header Files">
      <UniqueIdentifier>{93995380-89BD-4b04-88EB-625FBE52EBFB}</UniqueIdentifier>
      <Extensions>h;hh;hpp;hxx;h++;hm;inl;inc;ipp;xsd</Extensions>
    </Filter>
    <Filter Include="Header Files\Fixes">
      <UniqueIdentifier>{a8bcce3b-3973-458a-a931-529deecbf198}</UniqueIdentifier>
    </Filter>
    <Filter Include="Header Files\Fixes\SpeechExperience">
      <UniqueIdentifier>{c16c7bb5-70a3-4f27-aa31-102930c7f5de}</UniqueIdentifier>
    </Filter>
    <Filter Include="Resource Files">
      <UniqueIdentifier>{67DA6AB6-F800-4c08-8B7A-83BB121AAD01}</UniqueIdentifier>
      <Extensions>rc;ico;cur;bmp;dlg;rc2;rct;bin;rgs;gif;jpg;jpeg;jpe;resx;tiff;tif;png;wav;mfcribbon-ms</Extensions>
    </Filter>
    <Filter Include="Source Files">
      <UniqueIdentifier>{4FC737F1-C7A5-4376-A066-2A32D752A2FF}</UniqueIdentifier>
      <Extensions>cpp;c;cc;cxx;c++;cppm;ixx;def;odl;idl;hpj;bat;asm;asmx</Extensions>
    </Filter>
    <Filter Include="Source Files\Fixes">
      <UniqueIdentifier>{24acf248-8d73-49cb-9620-62eb9a4cb8f7}</UniqueIdentifier>
    </Filter>
    <Filter Include="Source Files\Fixes\SpeechExperience">
      <UniqueIdentifier>{5fdefc9f-0441-4b31-969d-9f005971ef2a}</UniqueIdentifier>
    </Filter>
  </ItemGroup>
  <ItemGroup>
    <ClInclude Include="Include\Addresses.h">
      <Filter>Header Files</Filter>
    </ClInclude>
    <ClInclude Include="Include\Fixes\MagicEffectConditions.h">
      <Filter>Header Files\Fixes</Filter>
    </ClInclude>
    <ClInclude Include="Include\Fixes\MovementSpeed.h">
      <Filter>Header Files\Fixes</Filter>
    </ClInclude>
    <ClInclude Include="Include\Fixes\SpeechExperience\EnchantedItems.h">
      <Filter>Header Files\Fixes\SpeechExperience</Filter>
    </ClInclude>
    <ClInclude Include="Include\Fixes\SpeechExperience\ItemStacks.h">
      <Filter>Header Files\Fixes\SpeechExperience</Filter>
    </ClInclude>
    <ClInclude Include="Include\Patterns.h">
      <Filter>Header Files</Filter>
    </ClInclude>
    <ClInclude Include="Include\PrecompiledHeader.h">
      <Filter>Header Files</Filter>
    </ClInclude>
    <ClInclude Include="Include\Settings.h">
      <Filter>Header Files</Filter>
    </ClInclude>
  </ItemGroup>
  <ItemGroup>
    <ClCompile Include="Source\BugFixesSSE.cpp">
      <Filter>Source Files</Filter>
    </ClCompile>
    <ClCompile Include="Source\Fixes\MagicEffectConditions.cpp">
      <Filter>Source Files\Fixes</Filter>
    </ClCompile>
    <ClCompile Include="Source\Fixes\MovementSpeed.cpp">
      <Filter>Source Files\Fixes</Filter>
    </ClCompile>
    <ClCompile Include="Source\Fixes\SpeechExperience\EnchantedItems.cpp">
      <Filter>Source Files\Fixes\SpeechExperience</Filter>
    </ClCompile>
    <ClCompile Include="Source\Fixes\SpeechExperience\ItemStacks.cpp">
      <Filter>Source Files\Fixes\SpeechExperience</Filter>
    </ClCompile>
    <ClCompile Include="Source\Patterns.cpp">
      <Filter>Source Files</Filter>
    </ClCompile>
    <ClCompile Include="Source\PrecompiledHeader.cpp">
      <Filter>Source Files</Filter>
    </ClCompile>
    <ClCompile Include="Source\Settings.cpp">
      <Filter>Source Files</Filter>
    </ClCompile>
  </ItemGroup>
</Project>